// !$*UTF8*$!
{
	archiveVersion = 1;
	classes = {
	};
	objectVersion = 55;
	objects = {

/* Begin PBXBuildFile section */
		408766A827D1BC820033FC9D /* AppDelegate.swift in Sources */ = {isa = PBXBuildFile; fileRef = 408766A727D1BC820033FC9D /* AppDelegate.swift */; };
		408766AA27D1BC820033FC9D /* GameViewController.swift in Sources */ = {isa = PBXBuildFile; fileRef = 408766A927D1BC820033FC9D /* GameViewController.swift */; };
		408766AD27D1BC820033FC9D /* Main.storyboard in Resources */ = {isa = PBXBuildFile; fileRef = 408766AB27D1BC820033FC9D /* Main.storyboard */; };
		408766B027D1BC820033FC9D /* LaunchScreen.storyboard in Resources */ = {isa = PBXBuildFile; fileRef = 408766AE27D1BC820033FC9D /* LaunchScreen.storyboard */; };
		408766B827D1BC820033FC9D /* AppDelegate.swift in Sources */ = {isa = PBXBuildFile; fileRef = 408766B727D1BC820033FC9D /* AppDelegate.swift */; };
		408766BA27D1BC820033FC9D /* GameViewController.swift in Sources */ = {isa = PBXBuildFile; fileRef = 408766B927D1BC820033FC9D /* GameViewController.swift */; };
		408766BD27D1BC820033FC9D /* Main.storyboard in Resources */ = {isa = PBXBuildFile; fileRef = 408766BB27D1BC820033FC9D /* Main.storyboard */; };
		408766BF27D1BC820033FC9D /* Actions.sks in Resources */ = {isa = PBXBuildFile; fileRef = 4087669C27D1BC800033FC9D /* Actions.sks */; };
		408766C027D1BC820033FC9D /* Actions.sks in Resources */ = {isa = PBXBuildFile; fileRef = 4087669C27D1BC800033FC9D /* Actions.sks */; };
		408766C127D1BC820033FC9D /* GameScene.sks in Resources */ = {isa = PBXBuildFile; fileRef = 4087669D27D1BC800033FC9D /* GameScene.sks */; };
		408766C227D1BC820033FC9D /* GameScene.sks in Resources */ = {isa = PBXBuildFile; fileRef = 4087669D27D1BC800033FC9D /* GameScene.sks */; };
		408766C327D1BC820033FC9D /* GameScene.swift in Sources */ = {isa = PBXBuildFile; fileRef = 4087669E27D1BC800033FC9D /* GameScene.swift */; };
		408766C427D1BC820033FC9D /* GameScene.swift in Sources */ = {isa = PBXBuildFile; fileRef = 4087669E27D1BC800033FC9D /* GameScene.swift */; };
		408766C527D1BC820033FC9D /* Assets.xcassets in Resources */ = {isa = PBXBuildFile; fileRef = 4087669F27D1BC820033FC9D /* Assets.xcassets */; };
		408766C627D1BC820033FC9D /* Assets.xcassets in Resources */ = {isa = PBXBuildFile; fileRef = 4087669F27D1BC820033FC9D /* Assets.xcassets */; };
/* End PBXBuildFile section */

/* Begin PBXFileReference section */
		4087669C27D1BC800033FC9D /* Actions.sks */ = {isa = PBXFileReference; lastKnownFileType = file.sks; path = Actions.sks; sourceTree = "<group>"; };
		4087669D27D1BC800033FC9D /* GameScene.sks */ = {isa = PBXFileReference; lastKnownFileType = file.sks; path = GameScene.sks; sourceTree = "<group>"; };
		4087669E27D1BC800033FC9D /* GameScene.swift */ = {isa = PBXFileReference; lastKnownFileType = sourcecode.swift; path = GameScene.swift; sourceTree = "<group>"; };
		4087669F27D1BC820033FC9D /* Assets.xcassets */ = {isa = PBXFileReference; lastKnownFileType = folder.assetcatalog; path = Assets.xcassets; sourceTree = "<group>"; };
		408766A427D1BC820033FC9D /* Games.app */ = {isa = PBXFileReference; explicitFileType = wrapper.application; includeInIndex = 0; path = Games.app; sourceTree = BUILT_PRODUCTS_DIR; };
		408766A727D1BC820033FC9D /* AppDelegate.swift */ = {isa = PBXFileReference; lastKnownFileType = sourcecode.swift; path = AppDelegate.swift; sourceTree = "<group>"; };
		408766A927D1BC820033FC9D /* GameViewController.swift */ = {isa = PBXFileReference; lastKnownFileType = sourcecode.swift; path = GameViewController.swift; sourceTree = "<group>"; };
		408766AC27D1BC820033FC9D /* Base */ = {isa = PBXFileReference; lastKnownFileType = file.storyboard; name = Base; path = Base.lproj/Main.storyboard; sourceTree = "<group>"; };
		408766AF27D1BC820033FC9D /* Base */ = {isa = PBXFileReference; lastKnownFileType = file.storyboard; name = Base; path = Base.lproj/LaunchScreen.storyboard; sourceTree = "<group>"; };
		408766B527D1BC820033FC9D /* Games.app */ = {isa = PBXFileReference; explicitFileType = wrapper.application; includeInIndex = 0; path = Games.app; sourceTree = BUILT_PRODUCTS_DIR; };
		408766B727D1BC820033FC9D /* AppDelegate.swift */ = {isa = PBXFileReference; lastKnownFileType = sourcecode.swift; path = AppDelegate.swift; sourceTree = "<group>"; };
		408766B927D1BC820033FC9D /* GameViewController.swift */ = {isa = PBXFileReference; lastKnownFileType = sourcecode.swift; path = GameViewController.swift; sourceTree = "<group>"; };
		408766BC27D1BC820033FC9D /* Base */ = {isa = PBXFileReference; lastKnownFileType = file.storyboard; name = Base; path = Base.lproj/Main.storyboard; sourceTree = "<group>"; };
		408766BE27D1BC820033FC9D /* Games_macOS.entitlements */ = {isa = PBXFileReference; lastKnownFileType = text.plist.entitlements; path = Games_macOS.entitlements; sourceTree = "<group>"; };
/* End PBXFileReference section */

/* Begin PBXFrameworksBuildPhase section */
		408766A127D1BC820033FC9D /* Frameworks */ = {
			isa = PBXFrameworksBuildPhase;
			buildActionMask = 2147483647;
			files = (
			);
			runOnlyForDeploymentPostprocessing = 0;
		};
		408766B227D1BC820033FC9D /* Frameworks */ = {
			isa = PBXFrameworksBuildPhase;
			buildActionMask = 2147483647;
			files = (
			);
			runOnlyForDeploymentPostprocessing = 0;
		};
/* End PBXFrameworksBuildPhase section */

/* Begin PBXGroup section */
		4087669627D1BC800033FC9D = {
			isa = PBXGroup;
			children = (
				4087669B27D1BC800033FC9D /* Games Shared */,
				408766A627D1BC820033FC9D /* Games iOS */,
				408766B627D1BC820033FC9D /* Games macOS */,
				408766A527D1BC820033FC9D /* Products */,
			);
			sourceTree = "<group>";
		};
		4087669B27D1BC800033FC9D /* Games Shared */ = {
			isa = PBXGroup;
			children = (
				4087669C27D1BC800033FC9D /* Actions.sks */,
				4087669D27D1BC800033FC9D /* GameScene.sks */,
				4087669E27D1BC800033FC9D /* GameScene.swift */,
				4087669F27D1BC820033FC9D /* Assets.xcassets */,
			);
			path = "Games Shared";
			sourceTree = "<group>";
		};
		408766A527D1BC820033FC9D /* Products */ = {
			isa = PBXGroup;
			children = (
				408766A427D1BC820033FC9D /* Games.app */,
				408766B527D1BC820033FC9D /* Games.app */,
			);
			name = Products;
			sourceTree = "<group>";
		};
		408766A627D1BC820033FC9D /* Games iOS */ = {
			isa = PBXGroup;
			children = (
				408766A727D1BC820033FC9D /* AppDelegate.swift */,
				408766A927D1BC820033FC9D /* GameViewController.swift */,
				408766AB27D1BC820033FC9D /* Main.storyboard */,
				408766AE27D1BC820033FC9D /* LaunchScreen.storyboard */,
			);
			path = "Games iOS";
			sourceTree = "<group>";
		};
		408766B627D1BC820033FC9D /* Games macOS */ = {
			isa = PBXGroup;
			children = (
				408766B727D1BC820033FC9D /* AppDelegate.swift */,
				408766B927D1BC820033FC9D /* GameViewController.swift */,
				408766BB27D1BC820033FC9D /* Main.storyboard */,
				408766BE27D1BC820033FC9D /* Games_macOS.entitlements */,
			);
			path = "Games macOS";
			sourceTree = "<group>";
		};
/* End PBXGroup section */

/* Begin PBXNativeTarget section */
		408766A327D1BC820033FC9D /* Games iOS */ = {
			isa = PBXNativeTarget;
			buildConfigurationList = 408766C927D1BC820033FC9D /* Build configuration list for PBXNativeTarget "Games iOS" */;
			buildPhases = (
				408766A027D1BC820033FC9D /* Sources */,
				408766A127D1BC820033FC9D /* Frameworks */,
				408766A227D1BC820033FC9D /* Resources */,
			);
			buildRules = (
			);
			dependencies = (
			);
			name = "Games iOS";
			productName = "Games iOS";
			productReference = 408766A427D1BC820033FC9D /* Games.app */;
			productType = "com.apple.product-type.application";
		};
		408766B427D1BC820033FC9D /* Games macOS */ = {
			isa = PBXNativeTarget;
			buildConfigurationList = 408766CC27D1BC820033FC9D /* Build configuration list for PBXNativeTarget "Games macOS" */;
			buildPhases = (
				408766B127D1BC820033FC9D /* Sources */,
				408766B227D1BC820033FC9D /* Frameworks */,
				408766B327D1BC820033FC9D /* Resources */,
			);
			buildRules = (
			);
			dependencies = (
			);
			name = "Games macOS";
			productName = "Games macOS";
			productReference = 408766B527D1BC820033FC9D /* Games.app */;
			productType = "com.apple.product-type.application";
		};
/* End PBXNativeTarget section */

/* Begin PBXProject section */
		4087669727D1BC800033FC9D /* Project object */ = {
			isa = PBXProject;
			attributes = {
				BuildIndependentTargetsInParallel = 1;
				LastSwiftUpdateCheck = 1320;
				LastUpgradeCheck = 1320;
				TargetAttributes = {
					408766A327D1BC820033FC9D = {
						CreatedOnToolsVersion = 13.2.1;
					};
					408766B427D1BC820033FC9D = {
						CreatedOnToolsVersion = 13.2.1;
					};
				};
			};
			buildConfigurationList = 4087669A27D1BC800033FC9D /* Build configuration list for PBXProject "Games" */;
			compatibilityVersion = "Xcode 13.0";
			developmentRegion = en;
			hasScannedForEncodings = 0;
			knownRegions = (
				en,
				Base,
			);
			mainGroup = 4087669627D1BC800033FC9D;
			productRefGroup = 408766A527D1BC820033FC9D /* Products */;
			projectDirPath = "";
			projectRoot = "";
			targets = (
				408766A327D1BC820033FC9D /* Games iOS */,
				408766B427D1BC820033FC9D /* Games macOS */,
			);
		};
/* End PBXProject section */

/* Begin PBXResourcesBuildPhase section */
		408766A227D1BC820033FC9D /* Resources */ = {
			isa = PBXResourcesBuildPhase;
			buildActionMask = 2147483647;
			files = (
				408766C127D1BC820033FC9D /* GameScene.sks in Resources */,
				408766AD27D1BC820033FC9D /* Main.storyboard in Resources */,
				408766BF27D1BC820033FC9D /* Actions.sks in Resources */,
				408766B027D1BC820033FC9D /* LaunchScreen.storyboard in Resources */,
				408766C527D1BC820033FC9D /* Assets.xcassets in Resources */,
			);
			runOnlyForDeploymentPostprocessing = 0;
		};
		408766B327D1BC820033FC9D /* Resources */ = {
			isa = PBXResourcesBuildPhase;
			buildActionMask = 2147483647;
			files = (
				408766BD27D1BC820033FC9D /* Main.storyboard in Resources */,
				408766C227D1BC820033FC9D /* GameScene.sks in Resources */,
				408766C627D1BC820033FC9D /* Assets.xcassets in Resources */,
				408766C027D1BC820033FC9D /* Actions.sks in Resources */,
			);
			runOnlyForDeploymentPostprocessing = 0;
		};
/* End PBXResourcesBuildPhase section */

/* Begin PBXSourcesBuildPhase section */
		408766A027D1BC820033FC9D /* Sources */ = {
			isa = PBXSourcesBuildPhase;
			buildActionMask = 2147483647;
			files = (
				408766C327D1BC820033FC9D /* GameScene.swift in Sources */,
				408766AA27D1BC820033FC9D /* GameViewController.swift in Sources */,
				408766A827D1BC820033FC9D /* AppDelegate.swift in Sources */,
			);
			runOnlyForDeploymentPostprocessing = 0;
		};
		408766B127D1BC820033FC9D /* Sources */ = {
			isa = PBXSourcesBuildPhase;
			buildActionMask = 2147483647;
			files = (
				408766C427D1BC820033FC9D /* GameScene.swift in Sources */,
				408766BA27D1BC820033FC9D /* GameViewController.swift in Sources */,
				408766B827D1BC820033FC9D /* AppDelegate.swift in Sources */,
			);
			runOnlyForDeploymentPostprocessing = 0;
		};
/* End PBXSourcesBuildPhase section */

/* Begin PBXVariantGroup section */
		408766AB27D1BC820033FC9D /* Main.storyboard */ = {
			isa = PBXVariantGroup;
			children = (
				408766AC27D1BC820033FC9D /* Base */,
			);
			name = Main.storyboard;
			sourceTree = "<group>";
		};
		408766AE27D1BC820033FC9D /* LaunchScreen.storyboard */ = {
			isa = PBXVariantGroup;
			children = (
				408766AF27D1BC820033FC9D /* Base */,
			);
			name = LaunchScreen.storyboard;
			sourceTree = "<group>";
		};
		408766BB27D1BC820033FC9D /* Main.storyboard */ = {
			isa = PBXVariantGroup;
			children = (
				408766BC27D1BC820033FC9D /* Base */,
			);
			name = Main.storyboard;
			sourceTree = "<group>";
		};
/* End PBXVariantGroup section */

/* Begin XCBuildConfiguration section */
		408766C727D1BC820033FC9D /* Debug */ = {
			isa = XCBuildConfiguration;
			buildSettings = {
				ALWAYS_SEARCH_USER_PATHS = NO;
				CLANG_ANALYZER_NONNULL = YES;
				CLANG_ANALYZER_NUMBER_OBJECT_CONVERSION = YES_AGGRESSIVE;
				CLANG_CXX_LANGUAGE_STANDARD = "gnu++17";
				CLANG_CXX_LIBRARY = "libc++";
				CLANG_ENABLE_MODULES = YES;
				CLANG_ENABLE_OBJC_ARC = YES;
				CLANG_ENABLE_OBJC_WEAK = YES;
				CLANG_WARN_BLOCK_CAPTURE_AUTORELEASING = YES;
				CLANG_WARN_BOOL_CONVERSION = YES;
				CLANG_WARN_COMMA = YES;
				CLANG_WARN_CONSTANT_CONVERSION = YES;
				CLANG_WARN_DEPRECATED_OBJC_IMPLEMENTATIONS = YES;
				CLANG_WARN_DIRECT_OBJC_ISA_USAGE = YES_ERROR;
				CLANG_WARN_DOCUMENTATION_COMMENTS = YES;
				CLANG_WARN_EMPTY_BODY = YES;
				CLANG_WARN_ENUM_CONVERSION = YES;
				CLANG_WARN_INFINITE_RECURSION = YES;
				CLANG_WARN_INT_CONVERSION = YES;
				CLANG_WARN_NON_LITERAL_NULL_CONVERSION = YES;
				CLANG_WARN_OBJC_IMPLICIT_RETAIN_SELF = YES;
				CLANG_WARN_OBJC_LITERAL_CONVERSION = YES;
				CLANG_WARN_OBJC_ROOT_CLASS = YES_ERROR;
				CLANG_WARN_QUOTED_INCLUDE_IN_FRAMEWORK_HEADER = YES;
				CLANG_WARN_RANGE_LOOP_ANALYSIS = YES;
				CLANG_WARN_STRICT_PROTOTYPES = YES;
				CLANG_WARN_SUSPICIOUS_MOVE = YES;
				CLANG_WARN_UNGUARDED_AVAILABILITY = YES_AGGRESSIVE;
				CLANG_WARN_UNREACHABLE_CODE = YES;
				CLANG_WARN__DUPLICATE_METHOD_MATCH = YES;
				COPY_PHASE_STRIP = NO;
				DEBUG_INFORMATION_FORMAT = dwarf;
				ENABLE_STRICT_OBJC_MSGSEND = YES;
				ENABLE_TESTABILITY = YES;
				GCC_C_LANGUAGE_STANDARD = gnu11;
				GCC_DYNAMIC_NO_PIC = NO;
				GCC_NO_COMMON_BLOCKS = YES;
				GCC_OPTIMIZATION_LEVEL = 0;
				GCC_PREPROCESSOR_DEFINITIONS = (
					"DEBUG=1",
					"$(inherited)",
				);
				GCC_WARN_64_TO_32_BIT_CONVERSION = YES;
				GCC_WARN_ABOUT_RETURN_TYPE = YES_ERROR;
				GCC_WARN_UNDECLARED_SELECTOR = YES;
				GCC_WARN_UNINITIALIZED_AUTOS = YES_AGGRESSIVE;
				GCC_WARN_UNUSED_FUNCTION = YES;
				GCC_WARN_UNUSED_VARIABLE = YES;
				MTL_ENABLE_DEBUG_INFO = INCLUDE_SOURCE;
				MTL_FAST_MATH = YES;
				ONLY_ACTIVE_ARCH = YES;
				SWIFT_ACTIVE_COMPILATION_CONDITIONS = DEBUG;
				SWIFT_OPTIMIZATION_LEVEL = "-Onone";
			};
			name = Debug;
		};
		408766C827D1BC820033FC9D /* Release */ = {
			isa = XCBuildConfiguration;
			buildSettings = {
				ALWAYS_SEARCH_USER_PATHS = NO;
				CLANG_ANALYZER_NONNULL = YES;
				CLANG_ANALYZER_NUMBER_OBJECT_CONVERSION = YES_AGGRESSIVE;
				CLANG_CXX_LANGUAGE_STANDARD = "gnu++17";
				CLANG_CXX_LIBRARY = "libc++";
				CLANG_ENABLE_MODULES = YES;
				CLANG_ENABLE_OBJC_ARC = YES;
				CLANG_ENABLE_OBJC_WEAK = YES;
				CLANG_WARN_BLOCK_CAPTURE_AUTORELEASING = YES;
				CLANG_WARN_BOOL_CONVERSION = YES;
				CLANG_WARN_COMMA = YES;
				CLANG_WARN_CONSTANT_CONVERSION = YES;
				CLANG_WARN_DEPRECATED_OBJC_IMPLEMENTATIONS = YES;
				CLANG_WARN_DIRECT_OBJC_ISA_USAGE = YES_ERROR;
				CLANG_WARN_DOCUMENTATION_COMMENTS = YES;
				CLANG_WARN_EMPTY_BODY = YES;
				CLANG_WARN_ENUM_CONVERSION = YES;
				CLANG_WARN_INFINITE_RECURSION = YES;
				CLANG_WARN_INT_CONVERSION = YES;
				CLANG_WARN_NON_LITERAL_NULL_CONVERSION = YES;
				CLANG_WARN_OBJC_IMPLICIT_RETAIN_SELF = YES;
				CLANG_WARN_OBJC_LITERAL_CONVERSION = YES;
				CLANG_WARN_OBJC_ROOT_CLASS = YES_ERROR;
				CLANG_WARN_QUOTED_INCLUDE_IN_FRAMEWORK_HEADER = YES;
				CLANG_WARN_RANGE_LOOP_ANALYSIS = YES;
				CLANG_WARN_STRICT_PROTOTYPES = YES;
				CLANG_WARN_SUSPICIOUS_MOVE = YES;
				CLANG_WARN_UNGUARDED_AVAILABILITY = YES_AGGRESSIVE;
				CLANG_WARN_UNREACHABLE_CODE = YES;
				CLANG_WARN__DUPLICATE_METHOD_MATCH = YES;
				COPY_PHASE_STRIP = NO;
				DEBUG_INFORMATION_FORMAT = "dwarf-with-dsym";
				ENABLE_NS_ASSERTIONS = NO;
				ENABLE_STRICT_OBJC_MSGSEND = YES;
				GCC_C_LANGUAGE_STANDARD = gnu11;
				GCC_NO_COMMON_BLOCKS = YES;
				GCC_WARN_64_TO_32_BIT_CONVERSION = YES;
				GCC_WARN_ABOUT_RETURN_TYPE = YES_ERROR;
				GCC_WARN_UNDECLARED_SELECTOR = YES;
				GCC_WARN_UNINITIALIZED_AUTOS = YES_AGGRESSIVE;
				GCC_WARN_UNUSED_FUNCTION = YES;
				GCC_WARN_UNUSED_VARIABLE = YES;
				MTL_ENABLE_DEBUG_INFO = NO;
				MTL_FAST_MATH = YES;
				SWIFT_COMPILATION_MODE = wholemodule;
				SWIFT_OPTIMIZATION_LEVEL = "-O";
			};
			name = Release;
		};
		408766CA27D1BC820033FC9D /* Debug */ = {
			isa = XCBuildConfiguration;
			buildSettings = {
				ASSETCATALOG_COMPILER_APPICON_NAME = AppIcon;
				ASSETCATALOG_COMPILER_GLOBAL_ACCENT_COLOR_NAME = AccentColor;
				CODE_SIGN_STYLE = Automatic;
				CURRENT_PROJECT_VERSION = 1;
				GENERATE_INFOPLIST_FILE = YES;
				INFOPLIST_KEY_UIApplicationSupportsIndirectInputEvents = YES;
				INFOPLIST_KEY_UILaunchStoryboardName = LaunchScreen;
				INFOPLIST_KEY_UIMainStoryboardFile = Main;
				INFOPLIST_KEY_UIStatusBarHidden = YES;
				INFOPLIST_KEY_UISupportedInterfaceOrientations_iPad = "UIInterfaceOrientationPortrait UIInterfaceOrientationPortraitUpsideDown UIInterfaceOrientationLandscapeLeft UIInterfaceOrientationLandscapeRight";
				INFOPLIST_KEY_UISupportedInterfaceOrientations_iPhone = "UIInterfaceOrientationPortrait UIInterfaceOrientationLandscapeLeft UIInterfaceOrientationLandscapeRight";
				IPHONEOS_DEPLOYMENT_TARGET = 15.2;
				LD_RUNPATH_SEARCH_PATHS = (
					"$(inherited)",
					"@executable_path/Frameworks",
				);
				MARKETING_VERSION = 1.0;
				PRODUCT_BUNDLE_IDENTIFIER = matthew.hundley.Games;
				PRODUCT_NAME = Games;
				SDKROOT = iphoneos;
				SWIFT_EMIT_LOC_STRINGS = YES;
				SWIFT_VERSION = 5.0;
				TARGETED_DEVICE_FAMILY = "1,2";
			};
			name = Debug;
		};
		408766CB27D1BC820033FC9D /* Release */ = {
			isa = XCBuildConfiguration;
			buildSettings = {
				ASSETCATALOG_COMPILER_APPICON_NAME = AppIcon;
				ASSETCATALOG_COMPILER_GLOBAL_ACCENT_COLOR_NAME = AccentColor;
				CODE_SIGN_STYLE = Automatic;
				CURRENT_PROJECT_VERSION = 1;
				GENERATE_INFOPLIST_FILE = YES;
				INFOPLIST_KEY_UIApplicationSupportsIndirectInputEvents = YES;
				INFOPLIST_KEY_UILaunchStoryboardName = LaunchScreen;
				INFOPLIST_KEY_UIMainStoryboardFile = Main;
				INFOPLIST_KEY_UIStatusBarHidden = YES;
				INFOPLIST_KEY_UISupportedInterfaceOrientations_iPad = "UIInterfaceOrientationPortrait UIInterfaceOrientationPortraitUpsideDown UIInterfaceOrientationLandscapeLeft UIInterfaceOrientationLandscapeRight";
				INFOPLIST_KEY_UISupportedInterfaceOrientations_iPhone = "UIInterfaceOrientationPortrait UIInterfaceOrientationLandscapeLeft UIInterfaceOrientationLandscapeRight";
				IPHONEOS_DEPLOYMENT_TARGET = 15.2;
				LD_RUNPATH_SEARCH_PATHS = (
					"$(inherited)",
					"@executable_path/Frameworks",
				);
				MARKETING_VERSION = 1.0;
				PRODUCT_BUNDLE_IDENTIFIER = matthew.hundley.Games;
				PRODUCT_NAME = Games;
				SDKROOT = iphoneos;
				SWIFT_EMIT_LOC_STRINGS = YES;
				SWIFT_VERSION = 5.0;
				TARGETED_DEVICE_FAMILY = "1,2";
				VALIDATE_PRODUCT = YES;
			};
			name = Release;
		};
		408766CD27D1BC820033FC9D /* Debug */ = {
			isa = XCBuildConfiguration;
			buildSettings = {
				ASSETCATALOG_COMPILER_APPICON_NAME = AppIcon;
				ASSETCATALOG_COMPILER_GLOBAL_ACCENT_COLOR_NAME = AccentColor;
				CODE_SIGN_ENTITLEMENTS = "Games macOS/Games_macOS.entitlements";
				CODE_SIGN_STYLE = Automatic;
				COMBINE_HIDPI_IMAGES = YES;
				CURRENT_PROJECT_VERSION = 1;
				GENERATE_INFOPLIST_FILE = YES;
				INFOPLIST_KEY_NSHumanReadableCopyright = "";
				INFOPLIST_KEY_NSMainStoryboardFile = Main;
				INFOPLIST_KEY_NSPrincipalClass = NSApplication;
				LD_RUNPATH_SEARCH_PATHS = (
					"$(inherited)",
					"@executable_path/../Frameworks",
				);
				MACOSX_DEPLOYMENT_TARGET = 12.1;
				MARKETING_VERSION = 1.0;
				PRODUCT_BUNDLE_IDENTIFIER = matthew.hundley.Games;
				PRODUCT_NAME = Games;
				SDKROOT = macosx;
				SWIFT_EMIT_LOC_STRINGS = YES;
				SWIFT_VERSION = 5.0;
			};
			name = Debug;
		};
		408766CE27D1BC820033FC9D /* Release */ = {
			isa = XCBuildConfiguration;
			buildSettings = {
				ASSETCATALOG_COMPILER_APPICON_NAME = AppIcon;
				ASSETCATALOG_COMPILER_GLOBAL_ACCENT_COLOR_NAME = AccentColor;
				CODE_SIGN_ENTITLEMENTS = "Games macOS/Games_macOS.entitlements";
				CODE_SIGN_STYLE = Automatic;
				COMBINE_HIDPI_IMAGES = YES;
				CURRENT_PROJECT_VERSION = 1;
				GENERATE_INFOPLIST_FILE = YES;
				INFOPLIST_KEY_NSHumanReadableCopyright = "";
				INFOPLIST_KEY_NSMainStoryboardFile = Main;
				INFOPLIST_KEY_NSPrincipalClass = NSApplication;
				LD_RUNPATH_SEARCH_PATHS = (
					"$(inherited)",
					"@executable_path/../Frameworks",
				);
				MACOSX_DEPLOYMENT_TARGET = 12.1;
				MARKETING_VERSION = 1.0;
				PRODUCT_BUNDLE_IDENTIFIER = matthew.hundley.Games;
				PRODUCT_NAME = Games;
				SDKROOT = macosx;
				SWIFT_EMIT_LOC_STRINGS = YES;
				SWIFT_VERSION = 5.0;
			};
			name = Release;
		};
/* End XCBuildConfiguration section */

/* Begin XCConfigurationList section */
		4087669A27D1BC800033FC9D /* Build configuration list for PBXProject "Games" */ = {
			isa = XCConfigurationList;
			buildConfigurations = (
				408766C727D1BC820033FC9D /* Debug */,
				408766C827D1BC820033FC9D /* Release */,
			);
			defaultConfigurationIsVisible = 0;
			defaultConfigurationName = Release;
		};
		408766C927D1BC820033FC9D /* Build configuration list for PBXNativeTarget "Games iOS" */ = {
			isa = XCConfigurationList;
			buildConfigurations = (
				408766CA27D1BC820033FC9D /* Debug */,
				408766CB27D1BC820033FC9D /* Release */,
			);
			defaultConfigurationIsVisible = 0;
			defaultConfigurationName = Release;
		};
		408766CC27D1BC820033FC9D /* Build configuration list for PBXNativeTarget "Games macOS" */ = {
			isa = XCConfigurationList;
			buildConfigurations = (
				408766CD27D1BC820033FC9D /* Debug */,
				408766CE27D1BC820033FC9D /* Release */,
			);
			defaultConfigurationIsVisible = 0;
			defaultConfigurationName = Release;
		};
/* End XCConfigurationList section */
	};
	rootObject = 4087669727D1BC800033FC9D /* Project object */;
}
